
Microsoft Visual Studio Solution File, Format Version 12.00
# Visual Studio Version 17
VisualStudioVersion = 17.11.35312.102
MinimumVisualStudioVersion = 10.0.40219.1
Project("{FAE04EC0-301F-11D3-BF4B-00C04F79EFBC}") = "AdvC#2-Assignment", "AdvC#2-Assignment.csproj", "{BC0FAF71-3628-4197-82DF-8196E180A5AD}"
EndProject
Global
	GlobalSection(SolutionConfigurationPlatforms) = preSolution
		Debug|Any CPU = Debug|Any CPU
		Release|Any CPU = Release|Any CPU
	EndGlobalSection
	GlobalSection(ProjectConfigurationPlatforms) = postSolution
		{BC0FAF71-3628-4197-82DF-8196E180A5AD}.Debug|Any CPU.ActiveCfg = Debug|Any CPU
		{BC0FAF71-3628-4197-82DF-8196E180A5AD}.Debug|Any CPU.Build.0 = Debug|Any CPU
		{BC0FAF71-3628-4197-82DF-8196E180A5AD}.Release|Any CPU.ActiveCfg = Release|Any CPU
		{BC0FAF71-3628-4197-82DF-8196E180A5AD}.Release|Any CPU.Build.0 = Release|Any CPU
	EndGlobalSection
	GlobalSection(SolutionProperties) = preSolution
		HideSolutionNode = FALSE
	EndGlobalSection
	GlobalSection(ExtensibilityGlobals) = postSolution
		SolutionGuid = {2A591F7F-7622-41EE-ACD7-AAE1DD5A4FFD}
	EndGlobalSection
EndGlobal
